
Microsoft Visual Studio Solution File, Format Version 12.00
# Visual Studio Version 16
VisualStudioVersion = 16.0.31624.102
MinimumVisualStudioVersion = 10.0.40219.1
Project("{FAE04EC0-301F-11D3-BF4B-00C04F79EFBC}") = "P2-AP1-20190266", "P2-AP1-20190266.csproj", "{EB2B1D03-833E-4786-9BC2-37F296CE4427}"
EndProject
Global
	GlobalSection(SolutionConfigurationPlatforms) = preSolution
		Debug|Any CPU = Debug|Any CPU
		Release|Any CPU = Release|Any CPU
	EndGlobalSection
	GlobalSection(ProjectConfigurationPlatforms) = postSolution
		{EB2B1D03-833E-4786-9BC2-37F296CE4427}.Debug|Any CPU.ActiveCfg = Debug|Any CPU
		{EB2B1D03-833E-4786-9BC2-37F296CE4427}.Debug|Any CPU.Build.0 = Debug|Any CPU
		{EB2B1D03-833E-4786-9BC2-37F296CE4427}.Release|Any CPU.ActiveCfg = Release|Any CPU
		{EB2B1D03-833E-4786-9BC2-37F296CE4427}.Release|Any CPU.Build.0 = Release|Any CPU
	EndGlobalSection
	GlobalSection(SolutionProperties) = preSolution
		HideSolutionNode = FALSE
	EndGlobalSection
	GlobalSection(ExtensibilityGlobals) = postSolution
		SolutionGuid = {92C20A5C-E6B5-4462-9B5C-BFE015A9624A}
	EndGlobalSection
EndGlobal
